
Microsoft Visual Studio Solution File, Format Version 12.00
Project("{FAE04EC0-301F-11D3-BF4B-00C04F79EFBC}") = "Photoshop.View", "Photoshop.View\Photoshop.View.csproj", "{6EB29F78-2AB2-4D00-ADCD-1D9C325C89E8}"
EndProject
Global
	GlobalSection(SolutionConfigurationPlatforms) = preSolution
		Debug|Any CPU = Debug|Any CPU
		Release|Any CPU = Release|Any CPU
	EndGlobalSection
	GlobalSection(ProjectConfigurationPlatforms) = postSolution
		{6EB29F78-2AB2-4D00-ADCD-1D9C325C89E8}.Debug|Any CPU.ActiveCfg = Debug|Any CPU
		{6EB29F78-2AB2-4D00-ADCD-1D9C325C89E8}.Debug|Any CPU.Build.0 = Debug|Any CPU
		{6EB29F78-2AB2-4D00-ADCD-1D9C325C89E8}.Release|Any CPU.ActiveCfg = Release|Any CPU
		{6EB29F78-2AB2-4D00-ADCD-1D9C325C89E8}.Release|Any CPU.Build.0 = Release|Any CPU
	EndGlobalSection
EndGlobal
